
Microsoft Visual Studio Solution File, Format Version 12.00
# Visual Studio 15
VisualStudioVersion = 15.0.27130.2027
MinimumVisualStudioVersion = 10.0.40219.1
Project("{FAE04EC0-301F-11D3-BF4B-00C04F79EFBC}") = "CoreAngularPoC", "CoreAngularPoC\CoreAngularPoC.csproj", "{0D3E73DA-F8B1-4E74-870B-45B2C5B040DF}"
EndProject
Global
	GlobalSection(SolutionConfigurationPlatforms) = preSolution
		Debug|Any CPU = Debug|Any CPU
		Release|Any CPU = Release|Any CPU
	EndGlobalSection
	GlobalSection(ProjectConfigurationPlatforms) = postSolution
		{0D3E73DA-F8B1-4E74-870B-45B2C5B040DF}.Debug|Any CPU.ActiveCfg = Debug|Any CPU
		{0D3E73DA-F8B1-4E74-870B-45B2C5B040DF}.Debug|Any CPU.Build.0 = Debug|Any CPU
		{0D3E73DA-F8B1-4E74-870B-45B2C5B040DF}.Release|Any CPU.ActiveCfg = Release|Any CPU
		{0D3E73DA-F8B1-4E74-870B-45B2C5B040DF}.Release|Any CPU.Build.0 = Release|Any CPU
	EndGlobalSection
	GlobalSection(SolutionProperties) = preSolution
		HideSolutionNode = FALSE
	EndGlobalSection
	GlobalSection(ExtensibilityGlobals) = postSolution
		SolutionGuid = {1C57494C-465E-45D8-8740-02D848184D8A}
	EndGlobalSection
EndGlobal
